// !$*UTF8*$!
{
	archiveVersion = 1;
	classes = {
	};
	objectVersion = 56;
	objects = {

/* Begin PBXBuildFile section */
		0217E0372B28C282003C3A14 /* ShapeAnimationViewController.swift in Sources */ = {isa = PBXBuildFile; fileRef = 0217E0362B28C282003C3A14 /* ShapeAnimationViewController.swift */; };
		0217E0392B28CD53003C3A14 /* PullToRefreshViewController.swift in Sources */ = {isa = PBXBuildFile; fileRef = 0217E0382B28CD53003C3A14 /* PullToRefreshViewController.swift */; };
		0217E03B2B28D35D003C3A14 /* AnimationGroupViewController.swift in Sources */ = {isa = PBXBuildFile; fileRef = 0217E03A2B28D35D003C3A14 /* AnimationGroupViewController.swift */; };
		0236167F2B2630A700336350 /* AppDelegate.swift in Sources */ = {isa = PBXBuildFile; fileRef = 0236167E2B2630A700336350 /* AppDelegate.swift */; };
		023616812B2630A700336350 /* SceneDelegate.swift in Sources */ = {isa = PBXBuildFile; fileRef = 023616802B2630A700336350 /* SceneDelegate.swift */; };
		023616832B2630A700336350 /* StandardAnimationViewController.swift in Sources */ = {isa = PBXBuildFile; fileRef = 023616822B2630A700336350 /* StandardAnimationViewController.swift */; };
		023616882B2630A800336350 /* Assets.xcassets in Resources */ = {isa = PBXBuildFile; fileRef = 023616872B2630A800336350 /* Assets.xcassets */; };
		0236168B2B2630A800336350 /* LaunchScreen.storyboard in Resources */ = {isa = PBXBuildFile; fileRef = 023616892B2630A800336350 /* LaunchScreen.storyboard */; };
		023616982B27630A00336350 /* UIColor+Extension.swift in Sources */ = {isa = PBXBuildFile; fileRef = 023616972B27630A00336350 /* UIColor+Extension.swift */; };
		0236169A2B27661D00336350 /* MainListViewController.swift in Sources */ = {isa = PBXBuildFile; fileRef = 023616992B27661D00336350 /* MainListViewController.swift */; };
		0236169C2B276D9100336350 /* KeyFrameAnimationViewController.swift in Sources */ = {isa = PBXBuildFile; fileRef = 0236169B2B276D9100336350 /* KeyFrameAnimationViewController.swift */; };
		02A46B992B28875700361F2F /* BasicCAViewController.swift in Sources */ = {isa = PBXBuildFile; fileRef = 02A46B982B28875700361F2F /* BasicCAViewController.swift */; };
		02BFD9152B2979D10033EFF7 /* LayerTransitionViewController.swift in Sources */ = {isa = PBXBuildFile; fileRef = 02BFD9142B2979D10033EFF7 /* LayerTransitionViewController.swift */; };
		02BFD9192B29B0CE0033EFF7 /* TransformLayerViewController.swift in Sources */ = {isa = PBXBuildFile; fileRef = 02BFD9182B29B0CE0033EFF7 /* TransformLayerViewController.swift */; };
		02F813332B277B440016EB9E /* TransitionViewController.swift in Sources */ = {isa = PBXBuildFile; fileRef = 02F813322B277B440016EB9E /* TransitionViewController.swift */; };
		A02130C1128EF23248BF4225 /* Pods_UIKitAnimations.framework in Frameworks */ = {isa = PBXBuildFile; fileRef = 45825507E5A8345EC5B6DD14 /* Pods_UIKitAnimations.framework */; };
/* End PBXBuildFile section */

/* Begin PBXFileReference section */
		0217E0362B28C282003C3A14 /* ShapeAnimationViewController.swift */ = {isa = PBXFileReference; lastKnownFileType = sourcecode.swift; path = ShapeAnimationViewController.swift; sourceTree = "<group>"; };
		0217E0382B28CD53003C3A14 /* PullToRefreshViewController.swift */ = {isa = PBXFileReference; lastKnownFileType = sourcecode.swift; path = PullToRefreshViewController.swift; sourceTree = "<group>"; };
		0217E03A2B28D35D003C3A14 /* AnimationGroupViewController.swift */ = {isa = PBXFileReference; lastKnownFileType = sourcecode.swift; path = AnimationGroupViewController.swift; sourceTree = "<group>"; };
		0236167B2B2630A700336350 /* UIKitAnimations.app */ = {isa = PBXFileReference; explicitFileType = wrapper.application; includeInIndex = 0; path = UIKitAnimations.app; sourceTree = BUILT_PRODUCTS_DIR; };
		0236167E2B2630A700336350 /* AppDelegate.swift */ = {isa = PBXFileReference; lastKnownFileType = sourcecode.swift; path = AppDelegate.swift; sourceTree = "<group>"; };
		023616802B2630A700336350 /* SceneDelegate.swift */ = {isa = PBXFileReference; lastKnownFileType = sourcecode.swift; path = SceneDelegate.swift; sourceTree = "<group>"; };
		023616822B2630A700336350 /* StandardAnimationViewController.swift */ = {isa = PBXFileReference; lastKnownFileType = sourcecode.swift; path = StandardAnimationViewController.swift; sourceTree = "<group>"; };
		023616872B2630A800336350 /* Assets.xcassets */ = {isa = PBXFileReference; lastKnownFileType = folder.assetcatalog; path = Assets.xcassets; sourceTree = "<group>"; };
		0236168A2B2630A800336350 /* Base */ = {isa = PBXFileReference; lastKnownFileType = file.storyboard; name = Base; path = Base.lproj/LaunchScreen.storyboard; sourceTree = "<group>"; };
		0236168C2B2630A800336350 /* Info.plist */ = {isa = PBXFileReference; lastKnownFileType = text.plist.xml; path = Info.plist; sourceTree = "<group>"; };
		023616972B27630A00336350 /* UIColor+Extension.swift */ = {isa = PBXFileReference; lastKnownFileType = sourcecode.swift; path = "UIColor+Extension.swift"; sourceTree = "<group>"; };
		023616992B27661D00336350 /* MainListViewController.swift */ = {isa = PBXFileReference; lastKnownFileType = sourcecode.swift; path = MainListViewController.swift; sourceTree = "<group>"; };
		0236169B2B276D9100336350 /* KeyFrameAnimationViewController.swift */ = {isa = PBXFileReference; lastKnownFileType = sourcecode.swift; path = KeyFrameAnimationViewController.swift; sourceTree = "<group>"; };
		02A46B982B28875700361F2F /* BasicCAViewController.swift */ = {isa = PBXFileReference; lastKnownFileType = sourcecode.swift; path = BasicCAViewController.swift; sourceTree = "<group>"; };
		02BFD9142B2979D10033EFF7 /* LayerTransitionViewController.swift */ = {isa = PBXFileReference; lastKnownFileType = sourcecode.swift; path = LayerTransitionViewController.swift; sourceTree = "<group>"; };
		02BFD9182B29B0CE0033EFF7 /* TransformLayerViewController.swift */ = {isa = PBXFileReference; lastKnownFileType = sourcecode.swift; path = TransformLayerViewController.swift; sourceTree = "<group>"; };
		02F813322B277B440016EB9E /* TransitionViewController.swift */ = {isa = PBXFileReference; lastKnownFileType = sourcecode.swift; path = TransitionViewController.swift; sourceTree = "<group>"; };
		45825507E5A8345EC5B6DD14 /* Pods_UIKitAnimations.framework */ = {isa = PBXFileReference; explicitFileType = wrapper.framework; includeInIndex = 0; path = Pods_UIKitAnimations.framework; sourceTree = BUILT_PRODUCTS_DIR; };
		693BD07A5318AF48BA364881 /* Pods-UIKitAnimations.debug.xcconfig */ = {isa = PBXFileReference; includeInIndex = 1; lastKnownFileType = text.xcconfig; name = "Pods-UIKitAnimations.debug.xcconfig"; path = "Target Support Files/Pods-UIKitAnimations/Pods-UIKitAnimations.debug.xcconfig"; sourceTree = "<group>"; };
		C3D09E9CC4AE0605109C4F6B /* Pods-UIKitAnimations.release.xcconfig */ = {isa = PBXFileReference; includeInIndex = 1; lastKnownFileType = text.xcconfig; name = "Pods-UIKitAnimations.release.xcconfig"; path = "Target Support Files/Pods-UIKitAnimations/Pods-UIKitAnimations.release.xcconfig"; sourceTree = "<group>"; };
/* End PBXFileReference section */

/* Begin PBXFrameworksBuildPhase section */
		023616782B2630A700336350 /* Frameworks */ = {
			isa = PBXFrameworksBuildPhase;
			buildActionMask = 2147483647;
			files = (
				A02130C1128EF23248BF4225 /* Pods_UIKitAnimations.framework in Frameworks */,
			);
			runOnlyForDeploymentPostprocessing = 0;
		};
/* End PBXFrameworksBuildPhase section */

/* Begin PBXGroup section */
		023616722B2630A700336350 = {
			isa = PBXGroup;
			children = (
				0236167D2B2630A700336350 /* UIKitAnimations */,
				0236167C2B2630A700336350 /* Products */,
				8A38DCCC0F24F3486439C5D9 /* Pods */,
				341EBB1C5841ACAF30ABD6CC /* Frameworks */,
			);
			sourceTree = "<group>";
		};
		0236167C2B2630A700336350 /* Products */ = {
			isa = PBXGroup;
			children = (
				0236167B2B2630A700336350 /* UIKitAnimations.app */,
			);
			name = Products;
			sourceTree = "<group>";
		};
		0236167D2B2630A700336350 /* UIKitAnimations */ = {
			isa = PBXGroup;
			children = (
				0236167E2B2630A700336350 /* AppDelegate.swift */,
				023616802B2630A700336350 /* SceneDelegate.swift */,
				023616972B27630A00336350 /* UIColor+Extension.swift */,
				023616992B27661D00336350 /* MainListViewController.swift */,
				023616822B2630A700336350 /* StandardAnimationViewController.swift */,
				0236169B2B276D9100336350 /* KeyFrameAnimationViewController.swift */,
				02F813322B277B440016EB9E /* TransitionViewController.swift */,
				02BFD9142B2979D10033EFF7 /* LayerTransitionViewController.swift */,
				02A46B982B28875700361F2F /* BasicCAViewController.swift */,
				0217E0362B28C282003C3A14 /* ShapeAnimationViewController.swift */,
				0217E0382B28CD53003C3A14 /* PullToRefreshViewController.swift */,
				0217E03A2B28D35D003C3A14 /* AnimationGroupViewController.swift */,
				02BFD9182B29B0CE0033EFF7 /* TransformLayerViewController.swift */,
				023616872B2630A800336350 /* Assets.xcassets */,
				023616892B2630A800336350 /* LaunchScreen.storyboard */,
				0236168C2B2630A800336350 /* Info.plist */,
			);
			path = UIKitAnimations;
			sourceTree = "<group>";
		};
		341EBB1C5841ACAF30ABD6CC /* Frameworks */ = {
			isa = PBXGroup;
			children = (
				45825507E5A8345EC5B6DD14 /* Pods_UIKitAnimations.framework */,
			);
			name = Frameworks;
			sourceTree = "<group>";
		};
		8A38DCCC0F24F3486439C5D9 /* Pods */ = {
			isa = PBXGroup;
			children = (
				693BD07A5318AF48BA364881 /* Pods-UIKitAnimations.debug.xcconfig */,
				C3D09E9CC4AE0605109C4F6B /* Pods-UIKitAnimations.release.xcconfig */,
			);
			path = Pods;
			sourceTree = "<group>";
		};
/* End PBXGroup section */

/* Begin PBXNativeTarget section */
		0236167A2B2630A700336350 /* UIKitAnimations */ = {
			isa = PBXNativeTarget;
			buildConfigurationList = 0236168F2B2630A800336350 /* Build configuration list for PBXNativeTarget "UIKitAnimations" */;
			buildPhases = (
				C4B67D7738085B5BA5688516 /* [CP] Check Pods Manifest.lock */,
				023616772B2630A700336350 /* Sources */,
				023616782B2630A700336350 /* Frameworks */,
				023616792B2630A700336350 /* Resources */,
				AE4BA722FED192AC521A0295 /* [CP] Embed Pods Frameworks */,
			);
			buildRules = (
			);
			dependencies = (
			);
			name = UIKitAnimations;
			productName = UIKitAnimations;
			productReference = 0236167B2B2630A700336350 /* UIKitAnimations.app */;
			productType = "com.apple.product-type.application";
		};
/* End PBXNativeTarget section */

/* Begin PBXProject section */
		023616732B2630A700336350 /* Project object */ = {
			isa = PBXProject;
			attributes = {
				BuildIndependentTargetsInParallel = 1;
				LastSwiftUpdateCheck = 1500;
				LastUpgradeCheck = 1500;
				TargetAttributes = {
					0236167A2B2630A700336350 = {
						CreatedOnToolsVersion = 15.0;
					};
				};
			};
			buildConfigurationList = 023616762B2630A700336350 /* Build configuration list for PBXProject "UIKitAnimations" */;
			compatibilityVersion = "Xcode 14.0";
			developmentRegion = en;
			hasScannedForEncodings = 0;
			knownRegions = (
				en,
				Base,
			);
			mainGroup = 023616722B2630A700336350;
			productRefGroup = 0236167C2B2630A700336350 /* Products */;
			projectDirPath = "";
			projectRoot = "";
			targets = (
				0236167A2B2630A700336350 /* UIKitAnimations */,
			);
		};
/* End PBXProject section */

/* Begin PBXResourcesBuildPhase section */
		023616792B2630A700336350 /* Resources */ = {
			isa = PBXResourcesBuildPhase;
			buildActionMask = 2147483647;
			files = (
				0236168B2B2630A800336350 /* LaunchScreen.storyboard in Resources */,
				023616882B2630A800336350 /* Assets.xcassets in Resources */,
			);
			runOnlyForDeploymentPostprocessing = 0;
		};
/* End PBXResourcesBuildPhase section */

/* Begin PBXShellScriptBuildPhase section */
		AE4BA722FED192AC521A0295 /* [CP] Embed Pods Frameworks */ = {
			isa = PBXShellScriptBuildPhase;
			buildActionMask = 2147483647;
			files = (
			);
			inputFileListPaths = (
				"${PODS_ROOT}/Target Support Files/Pods-UIKitAnimations/Pods-UIKitAnimations-frameworks-${CONFIGURATION}-input-files.xcfilelist",
			);
			name = "[CP] Embed Pods Frameworks";
			outputFileListPaths = (
				"${PODS_ROOT}/Target Support Files/Pods-UIKitAnimations/Pods-UIKitAnimations-frameworks-${CONFIGURATION}-output-files.xcfilelist",
			);
			runOnlyForDeploymentPostprocessing = 0;
			shellPath = /bin/sh;
			shellScript = "\"${PODS_ROOT}/Target Support Files/Pods-UIKitAnimations/Pods-UIKitAnimations-frameworks.sh\"\n";
			showEnvVarsInLog = 0;
		};
		C4B67D7738085B5BA5688516 /* [CP] Check Pods Manifest.lock */ = {
			isa = PBXShellScriptBuildPhase;
			buildActionMask = 2147483647;
			files = (
			);
			inputFileListPaths = (
			);
			inputPaths = (
				"${PODS_PODFILE_DIR_PATH}/Podfile.lock",
				"${PODS_ROOT}/Manifest.lock",
			);
			name = "[CP] Check Pods Manifest.lock";
			outputFileListPaths = (
			);
			outputPaths = (
				"$(DERIVED_FILE_DIR)/Pods-UIKitAnimations-checkManifestLockResult.txt",
			);
			runOnlyForDeploymentPostprocessing = 0;
			shellPath = /bin/sh;
			shellScript = "diff \"${PODS_PODFILE_DIR_PATH}/Podfile.lock\" \"${PODS_ROOT}/Manifest.lock\" > /dev/null\nif [ $? != 0 ] ; then\n    # print error to STDERR\n    echo \"error: The sandbox is not in sync with the Podfile.lock. Run 'pod install' or update your CocoaPods installation.\" >&2\n    exit 1\nfi\n# This output is used by Xcode 'outputs' to avoid re-running this script phase.\necho \"SUCCESS\" > \"${SCRIPT_OUTPUT_FILE_0}\"\n";
			showEnvVarsInLog = 0;
		};
/* End PBXShellScriptBuildPhase section */

/* Begin PBXSourcesBuildPhase section */
		023616772B2630A700336350 /* Sources */ = {
			isa = PBXSourcesBuildPhase;
			buildActionMask = 2147483647;
			files = (
				023616832B2630A700336350 /* StandardAnimationViewController.swift in Sources */,
				0236167F2B2630A700336350 /* AppDelegate.swift in Sources */,
				0217E0392B28CD53003C3A14 /* PullToRefreshViewController.swift in Sources */,
				0217E03B2B28D35D003C3A14 /* AnimationGroupViewController.swift in Sources */,
				023616812B2630A700336350 /* SceneDelegate.swift in Sources */,
				02BFD9192B29B0CE0033EFF7 /* TransformLayerViewController.swift in Sources */,
				02BFD9152B2979D10033EFF7 /* LayerTransitionViewController.swift in Sources */,
				02A46B992B28875700361F2F /* BasicCAViewController.swift in Sources */,
				0217E0372B28C282003C3A14 /* ShapeAnimationViewController.swift in Sources */,
				0236169C2B276D9100336350 /* KeyFrameAnimationViewController.swift in Sources */,
				0236169A2B27661D00336350 /* MainListViewController.swift in Sources */,
				02F813332B277B440016EB9E /* TransitionViewController.swift in Sources */,
				023616982B27630A00336350 /* UIColor+Extension.swift in Sources */,
			);
			runOnlyForDeploymentPostprocessing = 0;
		};
/* End PBXSourcesBuildPhase section */

/* Begin PBXVariantGroup section */
		023616892B2630A800336350 /* LaunchScreen.storyboard */ = {
			isa = PBXVariantGroup;
			children = (
				0236168A2B2630A800336350 /* Base */,
			);
			name = LaunchScreen.storyboard;
			sourceTree = "<group>";
		};
/* End PBXVariantGroup section */

/* Begin XCBuildConfiguration section */
		0236168D2B2630A800336350 /* Debug */ = {
			isa = XCBuildConfiguration;
			buildSettings = {
				ALWAYS_SEARCH_USER_PATHS = NO;
				ASSETCATALOG_COMPILER_GENERATE_SWIFT_ASSET_SYMBOL_EXTENSIONS = YES;
				CLANG_ANALYZER_NONNULL = YES;
				CLANG_ANALYZER_NUMBER_OBJECT_CONVERSION = YES_AGGRESSIVE;
				CLANG_CXX_LANGUAGE_STANDARD = "gnu++20";
				CLANG_ENABLE_MODULES = YES;
				CLANG_ENABLE_OBJC_ARC = YES;
				CLANG_ENABLE_OBJC_WEAK = YES;
				CLANG_WARN_BLOCK_CAPTURE_AUTORELEASING = YES;
				CLANG_WARN_BOOL_CONVERSION = YES;
				CLANG_WARN_COMMA = YES;
				CLANG_WARN_CONSTANT_CONVERSION = YES;
				CLANG_WARN_DEPRECATED_OBJC_IMPLEMENTATIONS = YES;
				CLANG_WARN_DIRECT_OBJC_ISA_USAGE = YES_ERROR;
				CLANG_WARN_DOCUMENTATION_COMMENTS = YES;
				CLANG_WARN_EMPTY_BODY = YES;
				CLANG_WARN_ENUM_CONVERSION = YES;
				CLANG_WARN_INFINITE_RECURSION = YES;
				CLANG_WARN_INT_CONVERSION = YES;
				CLANG_WARN_NON_LITERAL_NULL_CONVERSION = YES;
				CLANG_WARN_OBJC_IMPLICIT_RETAIN_SELF = YES;
				CLANG_WARN_OBJC_LITERAL_CONVERSION = YES;
				CLANG_WARN_OBJC_ROOT_CLASS = YES_ERROR;
				CLANG_WARN_QUOTED_INCLUDE_IN_FRAMEWORK_HEADER = YES;
				CLANG_WARN_RANGE_LOOP_ANALYSIS = YES;
				CLANG_WARN_STRICT_PROTOTYPES = YES;
				CLANG_WARN_SUSPICIOUS_MOVE = YES;
				CLANG_WARN_UNGUARDED_AVAILABILITY = YES_AGGRESSIVE;
				CLANG_WARN_UNREACHABLE_CODE = YES;
				CLANG_WARN__DUPLICATE_METHOD_MATCH = YES;
				COPY_PHASE_STRIP = NO;
				DEBUG_INFORMATION_FORMAT = dwarf;
				ENABLE_STRICT_OBJC_MSGSEND = YES;
				ENABLE_TESTABILITY = YES;
				ENABLE_USER_SCRIPT_SANDBOXING = NO;
				GCC_C_LANGUAGE_STANDARD = gnu17;
				GCC_DYNAMIC_NO_PIC = NO;
				GCC_NO_COMMON_BLOCKS = YES;
				GCC_OPTIMIZATION_LEVEL = 0;
				GCC_PREPROCESSOR_DEFINITIONS = (
					"DEBUG=1",
					"$(inherited)",
				);
				GCC_WARN_64_TO_32_BIT_CONVERSION = YES;
				GCC_WARN_ABOUT_RETURN_TYPE = YES_ERROR;
				GCC_WARN_UNDECLARED_SELECTOR = YES;
				GCC_WARN_UNINITIALIZED_AUTOS = YES_AGGRESSIVE;
				GCC_WARN_UNUSED_FUNCTION = YES;
				GCC_WARN_UNUSED_VARIABLE = YES;
				IPHONEOS_DEPLOYMENT_TARGET = 17.0;
				LOCALIZATION_PREFERS_STRING_CATALOGS = YES;
				MTL_ENABLE_DEBUG_INFO = INCLUDE_SOURCE;
				MTL_FAST_MATH = YES;
				ONLY_ACTIVE_ARCH = YES;
				SDKROOT = iphoneos;
				SWIFT_ACTIVE_COMPILATION_CONDITIONS = "DEBUG $(inherited)";
				SWIFT_OPTIMIZATION_LEVEL = "-Onone";
			};
			name = Debug;
		};
		0236168E2B2630A800336350 /* Release */ = {
			isa = XCBuildConfiguration;
			buildSettings = {
				ALWAYS_SEARCH_USER_PATHS = NO;
				ASSETCATALOG_COMPILER_GENERATE_SWIFT_ASSET_SYMBOL_EXTENSIONS = YES;
				CLANG_ANALYZER_NONNULL = YES;
				CLANG_ANALYZER_NUMBER_OBJECT_CONVERSION = YES_AGGRESSIVE;
				CLANG_CXX_LANGUAGE_STANDARD = "gnu++20";
				CLANG_ENABLE_MODULES = YES;
				CLANG_ENABLE_OBJC_ARC = YES;
				CLANG_ENABLE_OBJC_WEAK = YES;
				CLANG_WARN_BLOCK_CAPTURE_AUTORELEASING = YES;
				CLANG_WARN_BOOL_CONVERSION = YES;
				CLANG_WARN_COMMA = YES;
				CLANG_WARN_CONSTANT_CONVERSION = YES;
				CLANG_WARN_DEPRECATED_OBJC_IMPLEMENTATIONS = YES;
				CLANG_WARN_DIRECT_OBJC_ISA_USAGE = YES_ERROR;
				CLANG_WARN_DOCUMENTATION_COMMENTS = YES;
				CLANG_WARN_EMPTY_BODY = YES;
				CLANG_WARN_ENUM_CONVERSION = YES;
				CLANG_WARN_INFINITE_RECURSION = YES;
				CLANG_WARN_INT_CONVERSION = YES;
				CLANG_WARN_NON_LITERAL_NULL_CONVERSION = YES;
				CLANG_WARN_OBJC_IMPLICIT_RETAIN_SELF = YES;
				CLANG_WARN_OBJC_LITERAL_CONVERSION = YES;
				CLANG_WARN_OBJC_ROOT_CLASS = YES_ERROR;
				CLANG_WARN_QUOTED_INCLUDE_IN_FRAMEWORK_HEADER = YES;
				CLANG_WARN_RANGE_LOOP_ANALYSIS = YES;
				CLANG_WARN_STRICT_PROTOTYPES = YES;
				CLANG_WARN_SUSPICIOUS_MOVE = YES;
				CLANG_WARN_UNGUARDED_AVAILABILITY = YES_AGGRESSIVE;
				CLANG_WARN_UNREACHABLE_CODE = YES;
				CLANG_WARN__DUPLICATE_METHOD_MATCH = YES;
				COPY_PHASE_STRIP = NO;
				DEBUG_INFORMATION_FORMAT = "dwarf-with-dsym";
				ENABLE_NS_ASSERTIONS = NO;
				ENABLE_STRICT_OBJC_MSGSEND = YES;
				ENABLE_USER_SCRIPT_SANDBOXING = NO;
				GCC_C_LANGUAGE_STANDARD = gnu17;
				GCC_NO_COMMON_BLOCKS = YES;
				GCC_WARN_64_TO_32_BIT_CONVERSION = YES;
				GCC_WARN_ABOUT_RETURN_TYPE = YES_ERROR;
				GCC_WARN_UNDECLARED_SELECTOR = YES;
				GCC_WARN_UNINITIALIZED_AUTOS = YES_AGGRESSIVE;
				GCC_WARN_UNUSED_FUNCTION = YES;
				GCC_WARN_UNUSED_VARIABLE = YES;
				IPHONEOS_DEPLOYMENT_TARGET = 17.0;
				LOCALIZATION_PREFERS_STRING_CATALOGS = YES;
				MTL_ENABLE_DEBUG_INFO = NO;
				MTL_FAST_MATH = YES;
				SDKROOT = iphoneos;
				SWIFT_COMPILATION_MODE = wholemodule;
				VALIDATE_PRODUCT = YES;
			};
			name = Release;
		};
		023616902B2630A800336350 /* Debug */ = {
			isa = XCBuildConfiguration;
			baseConfigurationReference = 693BD07A5318AF48BA364881 /* Pods-UIKitAnimations.debug.xcconfig */;
			buildSettings = {
				ASSETCATALOG_COMPILER_APPICON_NAME = AppIcon;
				ASSETCATALOG_COMPILER_GLOBAL_ACCENT_COLOR_NAME = AccentColor;
				CODE_SIGN_STYLE = Automatic;
				CURRENT_PROJECT_VERSION = 1;
				DEVELOPMENT_TEAM = 69S862NXBP;
				GENERATE_INFOPLIST_FILE = YES;
				INFOPLIST_FILE = UIKitAnimations/Info.plist;
				INFOPLIST_KEY_UIApplicationSupportsIndirectInputEvents = YES;
				INFOPLIST_KEY_UILaunchStoryboardName = LaunchScreen;
				INFOPLIST_KEY_UISupportedInterfaceOrientations_iPad = "UIInterfaceOrientationPortrait UIInterfaceOrientationPortraitUpsideDown UIInterfaceOrientationLandscapeLeft UIInterfaceOrientationLandscapeRight";
				INFOPLIST_KEY_UISupportedInterfaceOrientations_iPhone = "UIInterfaceOrientationPortrait UIInterfaceOrientationLandscapeLeft UIInterfaceOrientationLandscapeRight";
				LD_RUNPATH_SEARCH_PATHS = (
					"$(inherited)",
					"@executable_path/Frameworks",
				);
				MARKETING_VERSION = 1.0;
				PRODUCT_BUNDLE_IDENTIFIER = dor.UIKitAnimations;
				PRODUCT_NAME = "$(TARGET_NAME)";
				SWIFT_EMIT_LOC_STRINGS = YES;
				SWIFT_VERSION = 5.0;
				TARGETED_DEVICE_FAMILY = "1,2";
			};
			name = Debug;
		};
		023616912B2630A800336350 /* Release */ = {
			isa = XCBuildConfiguration;
			baseConfigurationReference = C3D09E9CC4AE0605109C4F6B /* Pods-UIKitAnimations.release.xcconfig */;
			buildSettings = {
				ASSETCATALOG_COMPILER_APPICON_NAME = AppIcon;
				ASSETCATALOG_COMPILER_GLOBAL_ACCENT_COLOR_NAME = AccentColor;
				CODE_SIGN_STYLE = Automatic;
				CURRENT_PROJECT_VERSION = 1;
				DEVELOPMENT_TEAM = 69S862NXBP;
				GENERATE_INFOPLIST_FILE = YES;
				INFOPLIST_FILE = UIKitAnimations/Info.plist;
				INFOPLIST_KEY_UIApplicationSupportsIndirectInputEvents = YES;
				INFOPLIST_KEY_UILaunchStoryboardName = LaunchScreen;
				INFOPLIST_KEY_UISupportedInterfaceOrientations_iPad = "UIInterfaceOrientationPortrait UIInterfaceOrientationPortraitUpsideDown UIInterfaceOrientationLandscapeLeft UIInterfaceOrientationLandscapeRight";
				INFOPLIST_KEY_UISupportedInterfaceOrientations_iPhone = "UIInterfaceOrientationPortrait UIInterfaceOrientationLandscapeLeft UIInterfaceOrientationLandscapeRight";
				LD_RUNPATH_SEARCH_PATHS = (
					"$(inherited)",
					"@executable_path/Frameworks",
				);
				MARKETING_VERSION = 1.0;
				PRODUCT_BUNDLE_IDENTIFIER = dor.UIKitAnimations;
				PRODUCT_NAME = "$(TARGET_NAME)";
				SWIFT_EMIT_LOC_STRINGS = YES;
				SWIFT_VERSION = 5.0;
				TARGETED_DEVICE_FAMILY = "1,2";
			};
			name = Release;
		};
/* End XCBuildConfiguration section */

/* Begin XCConfigurationList section */
		023616762B2630A700336350 /* Build configuration list for PBXProject "UIKitAnimations" */ = {
			isa = XCConfigurationList;
			buildConfigurations = (
				0236168D2B2630A800336350 /* Debug */,
				0236168E2B2630A800336350 /* Release */,
			);
			defaultConfigurationIsVisible = 0;
			defaultConfigurationName = Release;
		};
		0236168F2B2630A800336350 /* Build configuration list for PBXNativeTarget "UIKitAnimations" */ = {
			isa = XCConfigurationList;
			buildConfigurations = (
				023616902B2630A800336350 /* Debug */,
				023616912B2630A800336350 /* Release */,
			);
			defaultConfigurationIsVisible = 0;
			defaultConfigurationName = Release;
		};
/* End XCConfigurationList section */
	};
	rootObject = 023616732B2630A700336350 /* Project object */;
}
